
Microsoft Visual Studio Solution File, Format Version 12.00
# Visual Studio 2013
VisualStudioVersion = 12.0.31101.0
MinimumVisualStudioVersion = 10.0.40219.1
Project("{FAE04EC0-301F-11D3-BF4B-00C04F79EFBC}") = "2", "2\2.csproj", "{F1B9C055-A09B-408F-B809-179FCAABC924}"
EndProject
Project("{FAE04EC0-301F-11D3-BF4B-00C04F79EFBC}") = "1", "1\1.csproj", "{722F7D4A-D7A2-4BA1-B84F-3F9B8A8B2875}"
EndProject
Project("{FAE04EC0-301F-11D3-BF4B-00C04F79EFBC}") = "3", "3\3.csproj", "{C32FCD9C-F66F-4842-84B5-A5DA4972FD69}"
EndProject
Project("{FAE04EC0-301F-11D3-BF4B-00C04F79EFBC}") = "4", "4\4.csproj", "{E73215E6-394A-40B5-8500-B3A5B9CCD433}"
EndProject
Project("{FAE04EC0-301F-11D3-BF4B-00C04F79EFBC}") = "5", "5\5.csproj", "{C5D446C4-CC91-42CF-8875-6E2D50EEDEEC}"
EndProject
Project("{FAE04EC0-301F-11D3-BF4B-00C04F79EFBC}") = "6", "6\6.csproj", "{0CB62C2D-8875-4FFC-8F11-5DA75F138C8B}"
EndProject
Project("{FAE04EC0-301F-11D3-BF4B-00C04F79EFBC}") = "7", "7\7.csproj", "{EA584BBB-4919-4B3E-8545-E1C068007137}"
EndProject
Project("{FAE04EC0-301F-11D3-BF4B-00C04F79EFBC}") = "8", "8\8.csproj", "{DC97E3D4-78D0-4334-B9D5-A4353CEE446D}"
EndProject
Project("{FAE04EC0-301F-11D3-BF4B-00C04F79EFBC}") = "9", "9\9.csproj", "{00D15F03-C511-4093-BB36-B01DA5929E91}"
EndProject
Project("{FAE04EC0-301F-11D3-BF4B-00C04F79EFBC}") = "10", "10\10.csproj", "{4FEE59AB-360A-470B-B03A-934256B6DC33}"
EndProject
Project("{FAE04EC0-301F-11D3-BF4B-00C04F79EFBC}") = "11", "11\11.csproj", "{C3CE26E4-3D14-4D78-9330-8260B070E0AF}"
EndProject
Project("{FAE04EC0-301F-11D3-BF4B-00C04F79EFBC}") = "12", "12\12.csproj", "{621668CE-B7CF-4E4D-86C0-FC7666DF7311}"
EndProject
Project("{FAE04EC0-301F-11D3-BF4B-00C04F79EFBC}") = "13", "13\13.csproj", "{74B9AB5D-563D-4F31-B83E-8DFB9A843039}"
EndProject
Project("{FAE04EC0-301F-11D3-BF4B-00C04F79EFBC}") = "14", "14\14.csproj", "{6A36CAE8-C32E-41FB-96D5-7EC0809161DC}"
EndProject
Project("{FAE04EC0-301F-11D3-BF4B-00C04F79EFBC}") = "15", "15\15.csproj", "{D5EE50D1-E11A-4AC3-BB78-5467F76FDDD8}"
EndProject
Project("{FAE04EC0-301F-11D3-BF4B-00C04F79EFBC}") = "AutoResetEvent", "16\AutoResetEvent.csproj", "{87E60DCD-70C0-469E-8B73-2EF03BC30479}"
EndProject
Project("{FAE04EC0-301F-11D3-BF4B-00C04F79EFBC}") = "AutoResetEvent. Get and sign", "17\AutoResetEvent. Get and sign.csproj", "{DC8A817E-FA4B-47CC-8F1F-7A0331C29D41}"
EndProject
Project("{FAE04EC0-301F-11D3-BF4B-00C04F79EFBC}") = "AutoResetEvent. Get and sign 1", "18\AutoResetEvent. Get and sign 1.csproj", "{40E8A270-7D57-4D1C-BDF2-A5BD215DA6FB}"
EndProject
Project("{FAE04EC0-301F-11D3-BF4B-00C04F79EFBC}") = "AutoResetEvent. Producer.Consumer", "19\AutoResetEvent. Producer.Consumer.csproj", "{755A323F-F7F5-47BA-AEF8-99A0DA19FD9A}"
EndProject
Project("{FAE04EC0-301F-11D3-BF4B-00C04F79EFBC}") = "20", "20\20.csproj", "{3708854F-435E-4694-8BAA-722DE3A60F98}"
EndProject
Project("{FAE04EC0-301F-11D3-BF4B-00C04F79EFBC}") = "21", "21\21.csproj", "{B2DE31E8-80B4-490C-A0FD-0DCDEBD1E759}"
EndProject
Project("{FAE04EC0-301F-11D3-BF4B-00C04F79EFBC}") = "22", "22\22.csproj", "{9684266C-AF87-4E1E-861C-330B1C66EF61}"
EndProject
Project("{FAE04EC0-301F-11D3-BF4B-00C04F79EFBC}") = "Mutex", "Mutex\Mutex.csproj", "{D4C56A29-F7A7-44A0-83A6-E1384F6BD2F4}"
EndProject
Project("{FAE04EC0-301F-11D3-BF4B-00C04F79EFBC}") = "FileReader", "FileReader\FileReader.csproj", "{78B15136-F5A7-4A16-9C5A-C4FC9F2B4350}"
EndProject
Project("{FAE04EC0-301F-11D3-BF4B-00C04F79EFBC}") = "FileWriter", "FileWriter\FileWriter.csproj", "{B7C59C6C-C8AE-43AE-9977-57A2CC4CFF41}"
EndProject
Project("{FAE04EC0-301F-11D3-BF4B-00C04F79EFBC}") = "Mutex works", "Mutex works\Mutex works.csproj", "{7A8E721D-3409-4594-9754-0FD57EF8200F}"
EndProject
Project("{FAE04EC0-301F-11D3-BF4B-00C04F79EFBC}") = "Semaphore", "Semaphore\Semaphore.csproj", "{A355908B-4D5C-4CB2-9B8E-66654BF94D66}"
EndProject
Project("{FAE04EC0-301F-11D3-BF4B-00C04F79EFBC}") = "SynchEventThreads", "SynchEventThreads\SynchEventThreads.csproj", "{667BD0A0-1DA0-425D-9373-83BFD9C7A115}"
EndProject
Project("{FAE04EC0-301F-11D3-BF4B-00C04F79EFBC}") = "ManualResentEventDemo", "ManualResentEventDemo\ManualResentEventDemo.csproj", "{A1100DB3-D78D-4B98-A0F0-BD2A09D317C3}"
EndProject
Project("{FAE04EC0-301F-11D3-BF4B-00C04F79EFBC}") = "SynchronizationContext", "SynchronizationContext\SynchronizationContext.csproj", "{2778AFBF-B1D2-47D1-8118-7C800030C26D}"
EndProject
Project("{FAE04EC0-301F-11D3-BF4B-00C04F79EFBC}") = "BackgroundWorker", "BackgroundWorker\BackgroundWorker.csproj", "{36DF8B33-CD1A-492C-B199-133583439524}"
EndProject
Project("{FAE04EC0-301F-11D3-BF4B-00C04F79EFBC}") = "BackgroundWorker 2", "BackgroundWorker 2\BackgroundWorker 2.csproj", "{F613067E-D0EF-411C-9BA7-0F8F0FB42F69}"
EndProject
Project("{FAE04EC0-301F-11D3-BF4B-00C04F79EFBC}") = "ThreadPoolDemo", "ThreadPoolDemo\ThreadPoolDemo.csproj", "{38B2427E-D813-44AF-998B-FD8237FC036A}"
EndProject
Project("{FAE04EC0-301F-11D3-BF4B-00C04F79EFBC}") = "AsyncDelegates", "AsyncDelegates\AsyncDelegates.csproj", "{C0CAB56D-998E-49D0-AEAA-EC64FAC3E91C}"
EndProject
Project("{FAE04EC0-301F-11D3-BF4B-00C04F79EFBC}") = "ThreadPoolDemo 1", "ThreadPoolDemo 1\ThreadPoolDemo 1.csproj", "{80C51F6C-628E-407A-8672-BA2E63336B0C}"
EndProject
Project("{FAE04EC0-301F-11D3-BF4B-00C04F79EFBC}") = "ThreadPoolDemo 3", "ThreadPoolDemo 3\ThreadPoolDemo 3.csproj", "{F25CE507-D606-48A9-8021-61EE5514D170}"
EndProject
Project("{FAE04EC0-301F-11D3-BF4B-00C04F79EFBC}") = "AsyncDelegates 2", "AsyncDelegates 2\AsyncDelegates 2.csproj", "{3584153D-9504-4D2B-9A03-42269350FAA5}"
EndProject
Project("{FAE04EC0-301F-11D3-BF4B-00C04F79EFBC}") = "TimerDemo", "TimerDemo\TimerDemo.csproj", "{A4069A22-8B28-4172-AD9F-DA691B6F1499}"
EndProject
Project("{FAE04EC0-301F-11D3-BF4B-00C04F79EFBC}") = "InterlockedDemo", "InterlockedDemo\InterlockedDemo.csproj", "{FB40FD20-EA41-4534-904F-1D70F8BD7BE8}"
EndProject
Project("{FAE04EC0-301F-11D3-BF4B-00C04F79EFBC}") = "ConsoleApplication1", "ConsoleApplication1\ConsoleApplication1.csproj", "{75F5EBE9-A49C-4EC0-BA42-C86673AEC2E7}"
EndProject
Project("{FAE04EC0-301F-11D3-BF4B-00C04F79EFBC}") = "ThreadingRCA", "ThreadingRCA\ThreadingRCA.csproj", "{62CC7B45-E904-45F6-9DEA-9C50AC4AF5D5}"
EndProject
Project("{FAE04EC0-301F-11D3-BF4B-00C04F79EFBC}") = "TaskDemo", "TaskDemo\TaskDemo.csproj", "{B3EE4F52-91CC-4417-9590-865022000B83}"
EndProject
Project("{FAE04EC0-301F-11D3-BF4B-00C04F79EFBC}") = "TaskCompletionSourceDemo", "TaskCompletionSourceDemo\TaskCompletionSourceDemo.csproj", "{1E61BF45-4CA1-474F-9411-0A1FA6BECF66}"
EndProject
Project("{FAE04EC0-301F-11D3-BF4B-00C04F79EFBC}") = "PLINQ Demo", "PLINQ Demo\PLINQ Demo.csproj", "{65C16C20-096F-4F30-8990-689AFA1E3BCF}"
EndProject
Project("{FAE04EC0-301F-11D3-BF4B-00C04F79EFBC}") = "Barrier", "Barrier\Barrier.csproj", "{4EC75B5C-3EC6-4129-BC71-806184B27FA2}"
EndProject
Project("{FAE04EC0-301F-11D3-BF4B-00C04F79EFBC}") = "CountdownEvent", "CountdownEvent\CountdownEvent.csproj", "{C9F566B3-F304-4B80-9F7D-9F497B9E9947}"
EndProject
Project("{FAE04EC0-301F-11D3-BF4B-00C04F79EFBC}") = "ThreadLocalStorage", "ThreadLocalStorage\ThreadLocalStorage.csproj", "{4D5E4079-9223-4EFA-9AB7-3628EFD171A7}"
EndProject
Project("{FAE04EC0-301F-11D3-BF4B-00C04F79EFBC}") = "TreadLocalStorage.GetDataAndSetData", "TreadLocalStorage.GetDataAndSetData\TreadLocalStorage.GetDataAndSetData.csproj", "{EC6B677B-0976-493A-921A-37E820F038F8}"
EndProject
Project("{FAE04EC0-301F-11D3-BF4B-00C04F79EFBC}") = "TimersDemo", "TimersDemo\TimersDemo.csproj", "{496813BB-58E4-4782-9A21-CB40D77B07F2}"
EndProject
Project("{FAE04EC0-301F-11D3-BF4B-00C04F79EFBC}") = "TimerDemo2", "TimerDemo2\TimerDemo2.csproj", "{5F7FB967-02F4-4682-B1FC-EE32C13FF5AE}"
EndProject
Project("{FAE04EC0-301F-11D3-BF4B-00C04F79EFBC}") = "ConsoleApplication2", "ConsoleApplication2\ConsoleApplication2.csproj", "{076C5995-94EF-45FE-9AB1-133FAF4D8FFB}"
EndProject
Project("{FAE04EC0-301F-11D3-BF4B-00C04F79EFBC}") = "WaitPulse", "WaitPulse\WaitPulse.csproj", "{4D85EA25-C7EA-4B35-BC83-DA153EBD4413}"
EndProject
Project("{FAE04EC0-301F-11D3-BF4B-00C04F79EFBC}") = "TaskDemo1", "TaskDemo1\TaskDemo1.csproj", "{AB5C736B-D309-4397-80C8-A9C42E05E2B6}"
EndProject
Project("{FAE04EC0-301F-11D3-BF4B-00C04F79EFBC}") = "MutexDemo", "MutexDemo\MutexDemo.csproj", "{2501C75B-23A4-413F-96AF-9319F01AF5E9}"
EndProject
Project("{FAE04EC0-301F-11D3-BF4B-00C04F79EFBC}") = "AutoResetEvent3", "AutoResetEvent3\AutoResetEvent3.csproj", "{798D07CC-1AA3-4D83-B161-A821F2071A7D}"
EndProject
Project("{FAE04EC0-301F-11D3-BF4B-00C04F79EFBC}") = "AsyncDelegates1", "AsyncDelegates1\AsyncDelegates1.csproj", "{3B73D729-A15D-4203-85B7-B3BC07090951}"
EndProject
Global
	GlobalSection(SolutionConfigurationPlatforms) = preSolution
		Debug|x86 = Debug|x86
		Release|x86 = Release|x86
	EndGlobalSection
	GlobalSection(ProjectConfigurationPlatforms) = postSolution
		{F1B9C055-A09B-408F-B809-179FCAABC924}.Debug|x86.ActiveCfg = Debug|x86
		{F1B9C055-A09B-408F-B809-179FCAABC924}.Debug|x86.Build.0 = Debug|x86
		{F1B9C055-A09B-408F-B809-179FCAABC924}.Release|x86.ActiveCfg = Release|x86
		{F1B9C055-A09B-408F-B809-179FCAABC924}.Release|x86.Build.0 = Release|x86
		{722F7D4A-D7A2-4BA1-B84F-3F9B8A8B2875}.Debug|x86.ActiveCfg = Debug|x86
		{722F7D4A-D7A2-4BA1-B84F-3F9B8A8B2875}.Debug|x86.Build.0 = Debug|x86
		{722F7D4A-D7A2-4BA1-B84F-3F9B8A8B2875}.Release|x86.ActiveCfg = Release|x86
		{722F7D4A-D7A2-4BA1-B84F-3F9B8A8B2875}.Release|x86.Build.0 = Release|x86
		{C32FCD9C-F66F-4842-84B5-A5DA4972FD69}.Debug|x86.ActiveCfg = Debug|x86
		{C32FCD9C-F66F-4842-84B5-A5DA4972FD69}.Debug|x86.Build.0 = Debug|x86
		{C32FCD9C-F66F-4842-84B5-A5DA4972FD69}.Release|x86.ActiveCfg = Release|x86
		{C32FCD9C-F66F-4842-84B5-A5DA4972FD69}.Release|x86.Build.0 = Release|x86
		{E73215E6-394A-40B5-8500-B3A5B9CCD433}.Debug|x86.ActiveCfg = Debug|x86
		{E73215E6-394A-40B5-8500-B3A5B9CCD433}.Debug|x86.Build.0 = Debug|x86
		{E73215E6-394A-40B5-8500-B3A5B9CCD433}.Release|x86.ActiveCfg = Release|x86
		{E73215E6-394A-40B5-8500-B3A5B9CCD433}.Release|x86.Build.0 = Release|x86
		{C5D446C4-CC91-42CF-8875-6E2D50EEDEEC}.Debug|x86.ActiveCfg = Debug|x86
		{C5D446C4-CC91-42CF-8875-6E2D50EEDEEC}.Debug|x86.Build.0 = Debug|x86
		{C5D446C4-CC91-42CF-8875-6E2D50EEDEEC}.Release|x86.ActiveCfg = Release|x86
		{C5D446C4-CC91-42CF-8875-6E2D50EEDEEC}.Release|x86.Build.0 = Release|x86
		{0CB62C2D-8875-4FFC-8F11-5DA75F138C8B}.Debug|x86.ActiveCfg = Debug|x86
		{0CB62C2D-8875-4FFC-8F11-5DA75F138C8B}.Debug|x86.Build.0 = Debug|x86
		{0CB62C2D-8875-4FFC-8F11-5DA75F138C8B}.Release|x86.ActiveCfg = Release|x86
		{0CB62C2D-8875-4FFC-8F11-5DA75F138C8B}.Release|x86.Build.0 = Release|x86
		{EA584BBB-4919-4B3E-8545-E1C068007137}.Debug|x86.ActiveCfg = Debug|x86
		{EA584BBB-4919-4B3E-8545-E1C068007137}.Debug|x86.Build.0 = Debug|x86
		{EA584BBB-4919-4B3E-8545-E1C068007137}.Release|x86.ActiveCfg = Release|x86
		{EA584BBB-4919-4B3E-8545-E1C068007137}.Release|x86.Build.0 = Release|x86
		{DC97E3D4-78D0-4334-B9D5-A4353CEE446D}.Debug|x86.ActiveCfg = Debug|x86
		{DC97E3D4-78D0-4334-B9D5-A4353CEE446D}.Debug|x86.Build.0 = Debug|x86
		{DC97E3D4-78D0-4334-B9D5-A4353CEE446D}.Release|x86.ActiveCfg = Release|x86
		{DC97E3D4-78D0-4334-B9D5-A4353CEE446D}.Release|x86.Build.0 = Release|x86
		{00D15F03-C511-4093-BB36-B01DA5929E91}.Debug|x86.ActiveCfg = Debug|x86
		{00D15F03-C511-4093-BB36-B01DA5929E91}.Debug|x86.Build.0 = Debug|x86
		{00D15F03-C511-4093-BB36-B01DA5929E91}.Release|x86.ActiveCfg = Release|x86
		{00D15F03-C511-4093-BB36-B01DA5929E91}.Release|x86.Build.0 = Release|x86
		{4FEE59AB-360A-470B-B03A-934256B6DC33}.Debug|x86.ActiveCfg = Debug|x86
		{4FEE59AB-360A-470B-B03A-934256B6DC33}.Debug|x86.Build.0 = Debug|x86
		{4FEE59AB-360A-470B-B03A-934256B6DC33}.Release|x86.ActiveCfg = Release|x86
		{4FEE59AB-360A-470B-B03A-934256B6DC33}.Release|x86.Build.0 = Release|x86
		{C3CE26E4-3D14-4D78-9330-8260B070E0AF}.Debug|x86.ActiveCfg = Debug|x86
		{C3CE26E4-3D14-4D78-9330-8260B070E0AF}.Debug|x86.Build.0 = Debug|x86
		{C3CE26E4-3D14-4D78-9330-8260B070E0AF}.Release|x86.ActiveCfg = Release|x86
		{C3CE26E4-3D14-4D78-9330-8260B070E0AF}.Release|x86.Build.0 = Release|x86
		{621668CE-B7CF-4E4D-86C0-FC7666DF7311}.Debug|x86.ActiveCfg = Debug|x86
		{621668CE-B7CF-4E4D-86C0-FC7666DF7311}.Debug|x86.Build.0 = Debug|x86
		{621668CE-B7CF-4E4D-86C0-FC7666DF7311}.Release|x86.ActiveCfg = Release|x86
		{621668CE-B7CF-4E4D-86C0-FC7666DF7311}.Release|x86.Build.0 = Release|x86
		{74B9AB5D-563D-4F31-B83E-8DFB9A843039}.Debug|x86.ActiveCfg = Debug|x86
		{74B9AB5D-563D-4F31-B83E-8DFB9A843039}.Debug|x86.Build.0 = Debug|x86
		{74B9AB5D-563D-4F31-B83E-8DFB9A843039}.Release|x86.ActiveCfg = Release|x86
		{74B9AB5D-563D-4F31-B83E-8DFB9A843039}.Release|x86.Build.0 = Release|x86
		{6A36CAE8-C32E-41FB-96D5-7EC0809161DC}.Debug|x86.ActiveCfg = Debug|x86
		{6A36CAE8-C32E-41FB-96D5-7EC0809161DC}.Debug|x86.Build.0 = Debug|x86
		{6A36CAE8-C32E-41FB-96D5-7EC0809161DC}.Release|x86.ActiveCfg = Release|x86
		{6A36CAE8-C32E-41FB-96D5-7EC0809161DC}.Release|x86.Build.0 = Release|x86
		{D5EE50D1-E11A-4AC3-BB78-5467F76FDDD8}.Debug|x86.ActiveCfg = Debug|x86
		{D5EE50D1-E11A-4AC3-BB78-5467F76FDDD8}.Debug|x86.Build.0 = Debug|x86
		{D5EE50D1-E11A-4AC3-BB78-5467F76FDDD8}.Release|x86.ActiveCfg = Release|x86
		{D5EE50D1-E11A-4AC3-BB78-5467F76FDDD8}.Release|x86.Build.0 = Release|x86
		{87E60DCD-70C0-469E-8B73-2EF03BC30479}.Debug|x86.ActiveCfg = Debug|x86
		{87E60DCD-70C0-469E-8B73-2EF03BC30479}.Debug|x86.Build.0 = Debug|x86
		{87E60DCD-70C0-469E-8B73-2EF03BC30479}.Release|x86.ActiveCfg = Release|x86
		{87E60DCD-70C0-469E-8B73-2EF03BC30479}.Release|x86.Build.0 = Release|x86
		{DC8A817E-FA4B-47CC-8F1F-7A0331C29D41}.Debug|x86.ActiveCfg = Debug|x86
		{DC8A817E-FA4B-47CC-8F1F-7A0331C29D41}.Debug|x86.Build.0 = Debug|x86
		{DC8A817E-FA4B-47CC-8F1F-7A0331C29D41}.Release|x86.ActiveCfg = Release|x86
		{DC8A817E-FA4B-47CC-8F1F-7A0331C29D41}.Release|x86.Build.0 = Release|x86
		{40E8A270-7D57-4D1C-BDF2-A5BD215DA6FB}.Debug|x86.ActiveCfg = Debug|x86
		{40E8A270-7D57-4D1C-BDF2-A5BD215DA6FB}.Debug|x86.Build.0 = Debug|x86
		{40E8A270-7D57-4D1C-BDF2-A5BD215DA6FB}.Release|x86.ActiveCfg = Release|x86
		{40E8A270-7D57-4D1C-BDF2-A5BD215DA6FB}.Release|x86.Build.0 = Release|x86
		{755A323F-F7F5-47BA-AEF8-99A0DA19FD9A}.Debug|x86.ActiveCfg = Debug|x86
		{755A323F-F7F5-47BA-AEF8-99A0DA19FD9A}.Debug|x86.Build.0 = Debug|x86
		{755A323F-F7F5-47BA-AEF8-99A0DA19FD9A}.Release|x86.ActiveCfg = Release|x86
		{755A323F-F7F5-47BA-AEF8-99A0DA19FD9A}.Release|x86.Build.0 = Release|x86
		{3708854F-435E-4694-8BAA-722DE3A60F98}.Debug|x86.ActiveCfg = Debug|x86
		{3708854F-435E-4694-8BAA-722DE3A60F98}.Debug|x86.Build.0 = Debug|x86
		{3708854F-435E-4694-8BAA-722DE3A60F98}.Release|x86.ActiveCfg = Release|x86
		{3708854F-435E-4694-8BAA-722DE3A60F98}.Release|x86.Build.0 = Release|x86
		{B2DE31E8-80B4-490C-A0FD-0DCDEBD1E759}.Debug|x86.ActiveCfg = Debug|x86
		{B2DE31E8-80B4-490C-A0FD-0DCDEBD1E759}.Debug|x86.Build.0 = Debug|x86
		{B2DE31E8-80B4-490C-A0FD-0DCDEBD1E759}.Release|x86.ActiveCfg = Release|x86
		{B2DE31E8-80B4-490C-A0FD-0DCDEBD1E759}.Release|x86.Build.0 = Release|x86
		{9684266C-AF87-4E1E-861C-330B1C66EF61}.Debug|x86.ActiveCfg = Debug|x86
		{9684266C-AF87-4E1E-861C-330B1C66EF61}.Debug|x86.Build.0 = Debug|x86
		{9684266C-AF87-4E1E-861C-330B1C66EF61}.Release|x86.ActiveCfg = Release|x86
		{9684266C-AF87-4E1E-861C-330B1C66EF61}.Release|x86.Build.0 = Release|x86
		{D4C56A29-F7A7-44A0-83A6-E1384F6BD2F4}.Debug|x86.ActiveCfg = Debug|x86
		{D4C56A29-F7A7-44A0-83A6-E1384F6BD2F4}.Debug|x86.Build.0 = Debug|x86
		{D4C56A29-F7A7-44A0-83A6-E1384F6BD2F4}.Release|x86.ActiveCfg = Release|x86
		{D4C56A29-F7A7-44A0-83A6-E1384F6BD2F4}.Release|x86.Build.0 = Release|x86
		{78B15136-F5A7-4A16-9C5A-C4FC9F2B4350}.Debug|x86.ActiveCfg = Debug|x86
		{78B15136-F5A7-4A16-9C5A-C4FC9F2B4350}.Debug|x86.Build.0 = Debug|x86
		{78B15136-F5A7-4A16-9C5A-C4FC9F2B4350}.Release|x86.ActiveCfg = Release|x86
		{78B15136-F5A7-4A16-9C5A-C4FC9F2B4350}.Release|x86.Build.0 = Release|x86
		{B7C59C6C-C8AE-43AE-9977-57A2CC4CFF41}.Debug|x86.ActiveCfg = Debug|x86
		{B7C59C6C-C8AE-43AE-9977-57A2CC4CFF41}.Debug|x86.Build.0 = Debug|x86
		{B7C59C6C-C8AE-43AE-9977-57A2CC4CFF41}.Release|x86.ActiveCfg = Release|x86
		{B7C59C6C-C8AE-43AE-9977-57A2CC4CFF41}.Release|x86.Build.0 = Release|x86
		{7A8E721D-3409-4594-9754-0FD57EF8200F}.Debug|x86.ActiveCfg = Debug|x86
		{7A8E721D-3409-4594-9754-0FD57EF8200F}.Debug|x86.Build.0 = Debug|x86
		{7A8E721D-3409-4594-9754-0FD57EF8200F}.Release|x86.ActiveCfg = Release|x86
		{7A8E721D-3409-4594-9754-0FD57EF8200F}.Release|x86.Build.0 = Release|x86
		{A355908B-4D5C-4CB2-9B8E-66654BF94D66}.Debug|x86.ActiveCfg = Debug|x86
		{A355908B-4D5C-4CB2-9B8E-66654BF94D66}.Debug|x86.Build.0 = Debug|x86
		{A355908B-4D5C-4CB2-9B8E-66654BF94D66}.Release|x86.ActiveCfg = Release|x86
		{A355908B-4D5C-4CB2-9B8E-66654BF94D66}.Release|x86.Build.0 = Release|x86
		{667BD0A0-1DA0-425D-9373-83BFD9C7A115}.Debug|x86.ActiveCfg = Debug|x86
		{667BD0A0-1DA0-425D-9373-83BFD9C7A115}.Debug|x86.Build.0 = Debug|x86
		{667BD0A0-1DA0-425D-9373-83BFD9C7A115}.Release|x86.ActiveCfg = Release|x86
		{667BD0A0-1DA0-425D-9373-83BFD9C7A115}.Release|x86.Build.0 = Release|x86
		{A1100DB3-D78D-4B98-A0F0-BD2A09D317C3}.Debug|x86.ActiveCfg = Debug|x86
		{A1100DB3-D78D-4B98-A0F0-BD2A09D317C3}.Debug|x86.Build.0 = Debug|x86
		{A1100DB3-D78D-4B98-A0F0-BD2A09D317C3}.Release|x86.ActiveCfg = Release|x86
		{A1100DB3-D78D-4B98-A0F0-BD2A09D317C3}.Release|x86.Build.0 = Release|x86
		{2778AFBF-B1D2-47D1-8118-7C800030C26D}.Debug|x86.ActiveCfg = Debug|x86
		{2778AFBF-B1D2-47D1-8118-7C800030C26D}.Debug|x86.Build.0 = Debug|x86
		{2778AFBF-B1D2-47D1-8118-7C800030C26D}.Release|x86.ActiveCfg = Release|x86
		{2778AFBF-B1D2-47D1-8118-7C800030C26D}.Release|x86.Build.0 = Release|x86
		{36DF8B33-CD1A-492C-B199-133583439524}.Debug|x86.ActiveCfg = Debug|x86
		{36DF8B33-CD1A-492C-B199-133583439524}.Debug|x86.Build.0 = Debug|x86
		{36DF8B33-CD1A-492C-B199-133583439524}.Release|x86.ActiveCfg = Release|x86
		{36DF8B33-CD1A-492C-B199-133583439524}.Release|x86.Build.0 = Release|x86
		{F613067E-D0EF-411C-9BA7-0F8F0FB42F69}.Debug|x86.ActiveCfg = Debug|x86
		{F613067E-D0EF-411C-9BA7-0F8F0FB42F69}.Debug|x86.Build.0 = Debug|x86
		{F613067E-D0EF-411C-9BA7-0F8F0FB42F69}.Release|x86.ActiveCfg = Release|x86
		{F613067E-D0EF-411C-9BA7-0F8F0FB42F69}.Release|x86.Build.0 = Release|x86
		{38B2427E-D813-44AF-998B-FD8237FC036A}.Debug|x86.ActiveCfg = Debug|x86
		{38B2427E-D813-44AF-998B-FD8237FC036A}.Debug|x86.Build.0 = Debug|x86
		{38B2427E-D813-44AF-998B-FD8237FC036A}.Release|x86.ActiveCfg = Release|x86
		{38B2427E-D813-44AF-998B-FD8237FC036A}.Release|x86.Build.0 = Release|x86
		{C0CAB56D-998E-49D0-AEAA-EC64FAC3E91C}.Debug|x86.ActiveCfg = Debug|x86
		{C0CAB56D-998E-49D0-AEAA-EC64FAC3E91C}.Debug|x86.Build.0 = Debug|x86
		{C0CAB56D-998E-49D0-AEAA-EC64FAC3E91C}.Release|x86.ActiveCfg = Release|x86
		{C0CAB56D-998E-49D0-AEAA-EC64FAC3E91C}.Release|x86.Build.0 = Release|x86
		{80C51F6C-628E-407A-8672-BA2E63336B0C}.Debug|x86.ActiveCfg = Debug|x86
		{80C51F6C-628E-407A-8672-BA2E63336B0C}.Debug|x86.Build.0 = Debug|x86
		{80C51F6C-628E-407A-8672-BA2E63336B0C}.Release|x86.ActiveCfg = Release|x86
		{80C51F6C-628E-407A-8672-BA2E63336B0C}.Release|x86.Build.0 = Release|x86
		{F25CE507-D606-48A9-8021-61EE5514D170}.Debug|x86.ActiveCfg = Debug|x86
		{F25CE507-D606-48A9-8021-61EE5514D170}.Debug|x86.Build.0 = Debug|x86
		{F25CE507-D606-48A9-8021-61EE5514D170}.Release|x86.ActiveCfg = Release|x86
		{F25CE507-D606-48A9-8021-61EE5514D170}.Release|x86.Build.0 = Release|x86
		{3584153D-9504-4D2B-9A03-42269350FAA5}.Debug|x86.ActiveCfg = Debug|x86
		{3584153D-9504-4D2B-9A03-42269350FAA5}.Debug|x86.Build.0 = Debug|x86
		{3584153D-9504-4D2B-9A03-42269350FAA5}.Release|x86.ActiveCfg = Release|x86
		{3584153D-9504-4D2B-9A03-42269350FAA5}.Release|x86.Build.0 = Release|x86
		{A4069A22-8B28-4172-AD9F-DA691B6F1499}.Debug|x86.ActiveCfg = Debug|x86
		{A4069A22-8B28-4172-AD9F-DA691B6F1499}.Debug|x86.Build.0 = Debug|x86
		{A4069A22-8B28-4172-AD9F-DA691B6F1499}.Release|x86.ActiveCfg = Release|x86
		{A4069A22-8B28-4172-AD9F-DA691B6F1499}.Release|x86.Build.0 = Release|x86
		{FB40FD20-EA41-4534-904F-1D70F8BD7BE8}.Debug|x86.ActiveCfg = Debug|x86
		{FB40FD20-EA41-4534-904F-1D70F8BD7BE8}.Debug|x86.Build.0 = Debug|x86
		{FB40FD20-EA41-4534-904F-1D70F8BD7BE8}.Release|x86.ActiveCfg = Release|x86
		{FB40FD20-EA41-4534-904F-1D70F8BD7BE8}.Release|x86.Build.0 = Release|x86
		{75F5EBE9-A49C-4EC0-BA42-C86673AEC2E7}.Debug|x86.ActiveCfg = Debug|x86
		{75F5EBE9-A49C-4EC0-BA42-C86673AEC2E7}.Debug|x86.Build.0 = Debug|x86
		{75F5EBE9-A49C-4EC0-BA42-C86673AEC2E7}.Release|x86.ActiveCfg = Release|x86
		{75F5EBE9-A49C-4EC0-BA42-C86673AEC2E7}.Release|x86.Build.0 = Release|x86
		{62CC7B45-E904-45F6-9DEA-9C50AC4AF5D5}.Debug|x86.ActiveCfg = Debug|x86
		{62CC7B45-E904-45F6-9DEA-9C50AC4AF5D5}.Debug|x86.Build.0 = Debug|x86
		{62CC7B45-E904-45F6-9DEA-9C50AC4AF5D5}.Release|x86.ActiveCfg = Release|x86
		{62CC7B45-E904-45F6-9DEA-9C50AC4AF5D5}.Release|x86.Build.0 = Release|x86
		{B3EE4F52-91CC-4417-9590-865022000B83}.Debug|x86.ActiveCfg = Debug|x86
		{B3EE4F52-91CC-4417-9590-865022000B83}.Debug|x86.Build.0 = Debug|x86
		{B3EE4F52-91CC-4417-9590-865022000B83}.Release|x86.ActiveCfg = Release|x86
		{B3EE4F52-91CC-4417-9590-865022000B83}.Release|x86.Build.0 = Release|x86
		{1E61BF45-4CA1-474F-9411-0A1FA6BECF66}.Debug|x86.ActiveCfg = Debug|x86
		{1E61BF45-4CA1-474F-9411-0A1FA6BECF66}.Debug|x86.Build.0 = Debug|x86
		{1E61BF45-4CA1-474F-9411-0A1FA6BECF66}.Release|x86.ActiveCfg = Release|x86
		{1E61BF45-4CA1-474F-9411-0A1FA6BECF66}.Release|x86.Build.0 = Release|x86
		{65C16C20-096F-4F30-8990-689AFA1E3BCF}.Debug|x86.ActiveCfg = Debug|x86
		{65C16C20-096F-4F30-8990-689AFA1E3BCF}.Debug|x86.Build.0 = Debug|x86
		{65C16C20-096F-4F30-8990-689AFA1E3BCF}.Release|x86.ActiveCfg = Release|x86
		{65C16C20-096F-4F30-8990-689AFA1E3BCF}.Release|x86.Build.0 = Release|x86
		{4EC75B5C-3EC6-4129-BC71-806184B27FA2}.Debug|x86.ActiveCfg = Debug|x86
		{4EC75B5C-3EC6-4129-BC71-806184B27FA2}.Debug|x86.Build.0 = Debug|x86
		{4EC75B5C-3EC6-4129-BC71-806184B27FA2}.Release|x86.ActiveCfg = Release|x86
		{4EC75B5C-3EC6-4129-BC71-806184B27FA2}.Release|x86.Build.0 = Release|x86
		{C9F566B3-F304-4B80-9F7D-9F497B9E9947}.Debug|x86.ActiveCfg = Debug|x86
		{C9F566B3-F304-4B80-9F7D-9F497B9E9947}.Debug|x86.Build.0 = Debug|x86
		{C9F566B3-F304-4B80-9F7D-9F497B9E9947}.Release|x86.ActiveCfg = Release|x86
		{C9F566B3-F304-4B80-9F7D-9F497B9E9947}.Release|x86.Build.0 = Release|x86
		{4D5E4079-9223-4EFA-9AB7-3628EFD171A7}.Debug|x86.ActiveCfg = Debug|x86
		{4D5E4079-9223-4EFA-9AB7-3628EFD171A7}.Debug|x86.Build.0 = Debug|x86
		{4D5E4079-9223-4EFA-9AB7-3628EFD171A7}.Release|x86.ActiveCfg = Release|x86
		{4D5E4079-9223-4EFA-9AB7-3628EFD171A7}.Release|x86.Build.0 = Release|x86
		{EC6B677B-0976-493A-921A-37E820F038F8}.Debug|x86.ActiveCfg = Debug|x86
		{EC6B677B-0976-493A-921A-37E820F038F8}.Debug|x86.Build.0 = Debug|x86
		{EC6B677B-0976-493A-921A-37E820F038F8}.Release|x86.ActiveCfg = Release|x86
		{EC6B677B-0976-493A-921A-37E820F038F8}.Release|x86.Build.0 = Release|x86
		{496813BB-58E4-4782-9A21-CB40D77B07F2}.Debug|x86.ActiveCfg = Debug|x86
		{496813BB-58E4-4782-9A21-CB40D77B07F2}.Debug|x86.Build.0 = Debug|x86
		{496813BB-58E4-4782-9A21-CB40D77B07F2}.Release|x86.ActiveCfg = Release|x86
		{496813BB-58E4-4782-9A21-CB40D77B07F2}.Release|x86.Build.0 = Release|x86
		{5F7FB967-02F4-4682-B1FC-EE32C13FF5AE}.Debug|x86.ActiveCfg = Debug|x86
		{5F7FB967-02F4-4682-B1FC-EE32C13FF5AE}.Debug|x86.Build.0 = Debug|x86
		{5F7FB967-02F4-4682-B1FC-EE32C13FF5AE}.Release|x86.ActiveCfg = Release|x86
		{5F7FB967-02F4-4682-B1FC-EE32C13FF5AE}.Release|x86.Build.0 = Release|x86
		{076C5995-94EF-45FE-9AB1-133FAF4D8FFB}.Debug|x86.ActiveCfg = Debug|x86
		{076C5995-94EF-45FE-9AB1-133FAF4D8FFB}.Debug|x86.Build.0 = Debug|x86
		{076C5995-94EF-45FE-9AB1-133FAF4D8FFB}.Release|x86.ActiveCfg = Release|x86
		{076C5995-94EF-45FE-9AB1-133FAF4D8FFB}.Release|x86.Build.0 = Release|x86
		{4D85EA25-C7EA-4B35-BC83-DA153EBD4413}.Debug|x86.ActiveCfg = Debug|x86
		{4D85EA25-C7EA-4B35-BC83-DA153EBD4413}.Debug|x86.Build.0 = Debug|x86
		{4D85EA25-C7EA-4B35-BC83-DA153EBD4413}.Release|x86.ActiveCfg = Release|x86
		{4D85EA25-C7EA-4B35-BC83-DA153EBD4413}.Release|x86.Build.0 = Release|x86
		{AB5C736B-D309-4397-80C8-A9C42E05E2B6}.Debug|x86.ActiveCfg = Debug|x86
		{AB5C736B-D309-4397-80C8-A9C42E05E2B6}.Debug|x86.Build.0 = Debug|x86
		{AB5C736B-D309-4397-80C8-A9C42E05E2B6}.Release|x86.ActiveCfg = Release|x86
		{AB5C736B-D309-4397-80C8-A9C42E05E2B6}.Release|x86.Build.0 = Release|x86
		{2501C75B-23A4-413F-96AF-9319F01AF5E9}.Debug|x86.ActiveCfg = Debug|x86
		{2501C75B-23A4-413F-96AF-9319F01AF5E9}.Debug|x86.Build.0 = Debug|x86
		{2501C75B-23A4-413F-96AF-9319F01AF5E9}.Release|x86.ActiveCfg = Release|x86
		{2501C75B-23A4-413F-96AF-9319F01AF5E9}.Release|x86.Build.0 = Release|x86
		{798D07CC-1AA3-4D83-B161-A821F2071A7D}.Debug|x86.ActiveCfg = Debug|x86
		{798D07CC-1AA3-4D83-B161-A821F2071A7D}.Debug|x86.Build.0 = Debug|x86
		{798D07CC-1AA3-4D83-B161-A821F2071A7D}.Release|x86.ActiveCfg = Release|x86
		{798D07CC-1AA3-4D83-B161-A821F2071A7D}.Release|x86.Build.0 = Release|x86
		{3B73D729-A15D-4203-85B7-B3BC07090951}.Debug|x86.ActiveCfg = Debug|x86
		{3B73D729-A15D-4203-85B7-B3BC07090951}.Debug|x86.Build.0 = Debug|x86
		{3B73D729-A15D-4203-85B7-B3BC07090951}.Release|x86.ActiveCfg = Release|x86
		{3B73D729-A15D-4203-85B7-B3BC07090951}.Release|x86.Build.0 = Release|x86
	EndGlobalSection
	GlobalSection(SolutionProperties) = preSolution
		HideSolutionNode = FALSE
	EndGlobalSection
EndGlobal
