
Microsoft Visual Studio Solution File, Format Version 12.00
# Visual Studio 14
VisualStudioVersion = 14.0.25420.1
MinimumVisualStudioVersion = 10.0.40219.1
Project("{FAE04EC0-301F-11D3-BF4B-00C04F79EFBC}") = "Task1Logic", "Task1Logic\Task1Logic.csproj", "{764B65D7-04DB-42AF-849C-76A31DE48EE0}"
EndProject
Project("{FAE04EC0-301F-11D3-BF4B-00C04F79EFBC}") = "Task2Logic", "Task2Logic\Task2Logic.csproj", "{5998DA55-C371-498F-AB3C-E625F4520992}"
EndProject
Project("{FAE04EC0-301F-11D3-BF4B-00C04F79EFBC}") = "Task1Tests", "Task1Tests\Task1Tests.csproj", "{E26DC656-86D4-43B3-AED8-777ABB83CFC5}"
EndProject
Project("{FAE04EC0-301F-11D3-BF4B-00C04F79EFBC}") = "Task2Console", "Task2Console\Task2Console.csproj", "{883E444A-A59F-4A72-99B0-92A895AA3107}"
EndProject
Global
	GlobalSection(SolutionConfigurationPlatforms) = preSolution
		Debug|Any CPU = Debug|Any CPU
		Release|Any CPU = Release|Any CPU
	EndGlobalSection
	GlobalSection(ProjectConfigurationPlatforms) = postSolution
		{764B65D7-04DB-42AF-849C-76A31DE48EE0}.Debug|Any CPU.ActiveCfg = Debug|Any CPU
		{764B65D7-04DB-42AF-849C-76A31DE48EE0}.Debug|Any CPU.Build.0 = Debug|Any CPU
		{764B65D7-04DB-42AF-849C-76A31DE48EE0}.Release|Any CPU.ActiveCfg = Release|Any CPU
		{764B65D7-04DB-42AF-849C-76A31DE48EE0}.Release|Any CPU.Build.0 = Release|Any CPU
		{5998DA55-C371-498F-AB3C-E625F4520992}.Debug|Any CPU.ActiveCfg = Debug|Any CPU
		{5998DA55-C371-498F-AB3C-E625F4520992}.Debug|Any CPU.Build.0 = Debug|Any CPU
		{5998DA55-C371-498F-AB3C-E625F4520992}.Release|Any CPU.ActiveCfg = Release|Any CPU
		{5998DA55-C371-498F-AB3C-E625F4520992}.Release|Any CPU.Build.0 = Release|Any CPU
		{E26DC656-86D4-43B3-AED8-777ABB83CFC5}.Debug|Any CPU.ActiveCfg = Debug|Any CPU
		{E26DC656-86D4-43B3-AED8-777ABB83CFC5}.Debug|Any CPU.Build.0 = Debug|Any CPU
		{E26DC656-86D4-43B3-AED8-777ABB83CFC5}.Release|Any CPU.ActiveCfg = Release|Any CPU
		{E26DC656-86D4-43B3-AED8-777ABB83CFC5}.Release|Any CPU.Build.0 = Release|Any CPU
		{883E444A-A59F-4A72-99B0-92A895AA3107}.Debug|Any CPU.ActiveCfg = Debug|Any CPU
		{883E444A-A59F-4A72-99B0-92A895AA3107}.Debug|Any CPU.Build.0 = Debug|Any CPU
		{883E444A-A59F-4A72-99B0-92A895AA3107}.Release|Any CPU.ActiveCfg = Release|Any CPU
		{883E444A-A59F-4A72-99B0-92A895AA3107}.Release|Any CPU.Build.0 = Release|Any CPU
	EndGlobalSection
	GlobalSection(SolutionProperties) = preSolution
		HideSolutionNode = FALSE
	EndGlobalSection
EndGlobal
