
Microsoft Visual Studio Solution File, Format Version 12.00
# Visual Studio 2013
VisualStudioVersion = 12.0.21005.1
MinimumVisualStudioVersion = 10.0.40219.1
Project("{FAE04EC0-301F-11D3-BF4B-00C04F79EFBC}") = "BookLibrary", "BookLibrary\BookLibrary.csproj", "{38EDDC63-AB64-4D16-A158-CFC7AA36D692}"
EndProject
Project("{FAE04EC0-301F-11D3-BF4B-00C04F79EFBC}") = "ConsoleUI 1", "ConsoleUI 1\ConsoleUI 1.csproj", "{47395C33-C119-4A66-8B44-411330280664}"
EndProject
Project("{FAE04EC0-301F-11D3-BF4B-00C04F79EFBC}") = "BookLibraryGAC", "BookLibraryGAC\BookLibraryGAC.csproj", "{5D3824F3-366C-4E56-9E37-E299369166F8}"
EndProject
Project("{FAE04EC0-301F-11D3-BF4B-00C04F79EFBC}") = "ConsoleUI 2", "ConsoleUI 2\ConsoleUI 2.csproj", "{DEA91594-8934-4FFB-8AEE-D6ECE86F146C}"
EndProject
Project("{FAE04EC0-301F-11D3-BF4B-00C04F79EFBC}") = "XML Demo", "XML Demo\XML Demo.csproj", "{40E3C3CA-F3A8-4E37-98DB-DF4390F34A89}"
EndProject
Project("{FAE04EC0-301F-11D3-BF4B-00C04F79EFBC}") = "Point", "Point\Point.csproj", "{D165BFDA-5918-4F09-8C2B-2F555B6B13C6}"
EndProject
Project("{FAE04EC0-301F-11D3-BF4B-00C04F79EFBC}") = "SomeType", "SomeType\SomeType.csproj", "{1265D3E1-B484-484B-BD45-FE818AC51C79}"
EndProject
Global
	GlobalSection(SolutionConfigurationPlatforms) = preSolution
		Debug|Any CPU = Debug|Any CPU
		Debug|Mixed Platforms = Debug|Mixed Platforms
		Debug|x86 = Debug|x86
		Release|Any CPU = Release|Any CPU
		Release|Mixed Platforms = Release|Mixed Platforms
		Release|x86 = Release|x86
	EndGlobalSection
	GlobalSection(ProjectConfigurationPlatforms) = postSolution
		{38EDDC63-AB64-4D16-A158-CFC7AA36D692}.Debug|Any CPU.ActiveCfg = Debug|Any CPU
		{38EDDC63-AB64-4D16-A158-CFC7AA36D692}.Debug|Any CPU.Build.0 = Debug|Any CPU
		{38EDDC63-AB64-4D16-A158-CFC7AA36D692}.Debug|Mixed Platforms.ActiveCfg = Debug|Any CPU
		{38EDDC63-AB64-4D16-A158-CFC7AA36D692}.Debug|Mixed Platforms.Build.0 = Debug|Any CPU
		{38EDDC63-AB64-4D16-A158-CFC7AA36D692}.Debug|x86.ActiveCfg = Debug|Any CPU
		{38EDDC63-AB64-4D16-A158-CFC7AA36D692}.Release|Any CPU.ActiveCfg = Release|Any CPU
		{38EDDC63-AB64-4D16-A158-CFC7AA36D692}.Release|Any CPU.Build.0 = Release|Any CPU
		{38EDDC63-AB64-4D16-A158-CFC7AA36D692}.Release|Mixed Platforms.ActiveCfg = Release|Any CPU
		{38EDDC63-AB64-4D16-A158-CFC7AA36D692}.Release|Mixed Platforms.Build.0 = Release|Any CPU
		{38EDDC63-AB64-4D16-A158-CFC7AA36D692}.Release|x86.ActiveCfg = Release|Any CPU
		{47395C33-C119-4A66-8B44-411330280664}.Debug|Any CPU.ActiveCfg = Debug|Any CPU
		{47395C33-C119-4A66-8B44-411330280664}.Debug|Any CPU.Build.0 = Debug|Any CPU
		{47395C33-C119-4A66-8B44-411330280664}.Debug|Mixed Platforms.ActiveCfg = Debug|Any CPU
		{47395C33-C119-4A66-8B44-411330280664}.Debug|Mixed Platforms.Build.0 = Debug|Any CPU
		{47395C33-C119-4A66-8B44-411330280664}.Debug|x86.ActiveCfg = Debug|Any CPU
		{47395C33-C119-4A66-8B44-411330280664}.Release|Any CPU.ActiveCfg = Release|Any CPU
		{47395C33-C119-4A66-8B44-411330280664}.Release|Any CPU.Build.0 = Release|Any CPU
		{47395C33-C119-4A66-8B44-411330280664}.Release|Mixed Platforms.ActiveCfg = Release|Any CPU
		{47395C33-C119-4A66-8B44-411330280664}.Release|Mixed Platforms.Build.0 = Release|Any CPU
		{47395C33-C119-4A66-8B44-411330280664}.Release|x86.ActiveCfg = Release|Any CPU
		{5D3824F3-366C-4E56-9E37-E299369166F8}.Debug|Any CPU.ActiveCfg = Debug|Any CPU
		{5D3824F3-366C-4E56-9E37-E299369166F8}.Debug|Any CPU.Build.0 = Debug|Any CPU
		{5D3824F3-366C-4E56-9E37-E299369166F8}.Debug|Mixed Platforms.ActiveCfg = Debug|Any CPU
		{5D3824F3-366C-4E56-9E37-E299369166F8}.Debug|Mixed Platforms.Build.0 = Debug|Any CPU
		{5D3824F3-366C-4E56-9E37-E299369166F8}.Debug|x86.ActiveCfg = Debug|Any CPU
		{5D3824F3-366C-4E56-9E37-E299369166F8}.Release|Any CPU.ActiveCfg = Release|Any CPU
		{5D3824F3-366C-4E56-9E37-E299369166F8}.Release|Any CPU.Build.0 = Release|Any CPU
		{5D3824F3-366C-4E56-9E37-E299369166F8}.Release|Mixed Platforms.ActiveCfg = Release|Any CPU
		{5D3824F3-366C-4E56-9E37-E299369166F8}.Release|Mixed Platforms.Build.0 = Release|Any CPU
		{5D3824F3-366C-4E56-9E37-E299369166F8}.Release|x86.ActiveCfg = Release|Any CPU
		{DEA91594-8934-4FFB-8AEE-D6ECE86F146C}.Debug|Any CPU.ActiveCfg = Debug|Any CPU
		{DEA91594-8934-4FFB-8AEE-D6ECE86F146C}.Debug|Any CPU.Build.0 = Debug|Any CPU
		{DEA91594-8934-4FFB-8AEE-D6ECE86F146C}.Debug|Mixed Platforms.ActiveCfg = Debug|Any CPU
		{DEA91594-8934-4FFB-8AEE-D6ECE86F146C}.Debug|Mixed Platforms.Build.0 = Debug|Any CPU
		{DEA91594-8934-4FFB-8AEE-D6ECE86F146C}.Debug|x86.ActiveCfg = Debug|Any CPU
		{DEA91594-8934-4FFB-8AEE-D6ECE86F146C}.Release|Any CPU.ActiveCfg = Release|Any CPU
		{DEA91594-8934-4FFB-8AEE-D6ECE86F146C}.Release|Any CPU.Build.0 = Release|Any CPU
		{DEA91594-8934-4FFB-8AEE-D6ECE86F146C}.Release|Mixed Platforms.ActiveCfg = Release|Any CPU
		{DEA91594-8934-4FFB-8AEE-D6ECE86F146C}.Release|Mixed Platforms.Build.0 = Release|Any CPU
		{DEA91594-8934-4FFB-8AEE-D6ECE86F146C}.Release|x86.ActiveCfg = Release|Any CPU
		{40E3C3CA-F3A8-4E37-98DB-DF4390F34A89}.Debug|Any CPU.ActiveCfg = Debug|x86
		{40E3C3CA-F3A8-4E37-98DB-DF4390F34A89}.Debug|Mixed Platforms.ActiveCfg = Debug|x86
		{40E3C3CA-F3A8-4E37-98DB-DF4390F34A89}.Debug|Mixed Platforms.Build.0 = Debug|x86
		{40E3C3CA-F3A8-4E37-98DB-DF4390F34A89}.Debug|x86.ActiveCfg = Debug|x86
		{40E3C3CA-F3A8-4E37-98DB-DF4390F34A89}.Debug|x86.Build.0 = Debug|x86
		{40E3C3CA-F3A8-4E37-98DB-DF4390F34A89}.Release|Any CPU.ActiveCfg = Release|x86
		{40E3C3CA-F3A8-4E37-98DB-DF4390F34A89}.Release|Mixed Platforms.ActiveCfg = Release|x86
		{40E3C3CA-F3A8-4E37-98DB-DF4390F34A89}.Release|Mixed Platforms.Build.0 = Release|x86
		{40E3C3CA-F3A8-4E37-98DB-DF4390F34A89}.Release|x86.ActiveCfg = Release|x86
		{40E3C3CA-F3A8-4E37-98DB-DF4390F34A89}.Release|x86.Build.0 = Release|x86
		{D165BFDA-5918-4F09-8C2B-2F555B6B13C6}.Debug|Any CPU.ActiveCfg = Debug|Any CPU
		{D165BFDA-5918-4F09-8C2B-2F555B6B13C6}.Debug|Any CPU.Build.0 = Debug|Any CPU
		{D165BFDA-5918-4F09-8C2B-2F555B6B13C6}.Debug|Mixed Platforms.ActiveCfg = Debug|Any CPU
		{D165BFDA-5918-4F09-8C2B-2F555B6B13C6}.Debug|Mixed Platforms.Build.0 = Debug|Any CPU
		{D165BFDA-5918-4F09-8C2B-2F555B6B13C6}.Debug|x86.ActiveCfg = Debug|Any CPU
		{D165BFDA-5918-4F09-8C2B-2F555B6B13C6}.Release|Any CPU.ActiveCfg = Release|Any CPU
		{D165BFDA-5918-4F09-8C2B-2F555B6B13C6}.Release|Any CPU.Build.0 = Release|Any CPU
		{D165BFDA-5918-4F09-8C2B-2F555B6B13C6}.Release|Mixed Platforms.ActiveCfg = Release|Any CPU
		{D165BFDA-5918-4F09-8C2B-2F555B6B13C6}.Release|Mixed Platforms.Build.0 = Release|Any CPU
		{D165BFDA-5918-4F09-8C2B-2F555B6B13C6}.Release|x86.ActiveCfg = Release|Any CPU
		{1265D3E1-B484-484B-BD45-FE818AC51C79}.Debug|Any CPU.ActiveCfg = Debug|Any CPU
		{1265D3E1-B484-484B-BD45-FE818AC51C79}.Debug|Any CPU.Build.0 = Debug|Any CPU
		{1265D3E1-B484-484B-BD45-FE818AC51C79}.Debug|Mixed Platforms.ActiveCfg = Debug|Any CPU
		{1265D3E1-B484-484B-BD45-FE818AC51C79}.Debug|Mixed Platforms.Build.0 = Debug|Any CPU
		{1265D3E1-B484-484B-BD45-FE818AC51C79}.Debug|x86.ActiveCfg = Debug|Any CPU
		{1265D3E1-B484-484B-BD45-FE818AC51C79}.Release|Any CPU.ActiveCfg = Release|Any CPU
		{1265D3E1-B484-484B-BD45-FE818AC51C79}.Release|Any CPU.Build.0 = Release|Any CPU
		{1265D3E1-B484-484B-BD45-FE818AC51C79}.Release|Mixed Platforms.ActiveCfg = Release|Any CPU
		{1265D3E1-B484-484B-BD45-FE818AC51C79}.Release|Mixed Platforms.Build.0 = Release|Any CPU
		{1265D3E1-B484-484B-BD45-FE818AC51C79}.Release|x86.ActiveCfg = Release|Any CPU
	EndGlobalSection
	GlobalSection(SolutionProperties) = preSolution
		HideSolutionNode = FALSE
	EndGlobalSection
EndGlobal
