
Microsoft Visual Studio Solution File, Format Version 12.00
# Visual Studio 14
VisualStudioVersion = 14.0.23107.0
MinimumVisualStudioVersion = 10.0.40219.1
Project("{FAE04EC0-301F-11D3-BF4B-00C04F79EFBC}") = "XML_DEMO", "XML_DEMO\XML_DEMO.csproj", "{08D82E2F-A91A-40AB-80FE-33DB5CC29FB6}"
EndProject
Project("{FAE04EC0-301F-11D3-BF4B-00C04F79EFBC}") = "ConsoleXML_DEMO", "ConsoleXML_DEMO\ConsoleXML_DEMO.csproj", "{AAE86AE2-DB11-479C-ADF0-36AA411DA352}"
EndProject
Global
	GlobalSection(SolutionConfigurationPlatforms) = preSolution
		Debug|Any CPU = Debug|Any CPU
		Release|Any CPU = Release|Any CPU
	EndGlobalSection
	GlobalSection(ProjectConfigurationPlatforms) = postSolution
		{08D82E2F-A91A-40AB-80FE-33DB5CC29FB6}.Debug|Any CPU.ActiveCfg = Debug|Any CPU
		{08D82E2F-A91A-40AB-80FE-33DB5CC29FB6}.Debug|Any CPU.Build.0 = Debug|Any CPU
		{08D82E2F-A91A-40AB-80FE-33DB5CC29FB6}.Release|Any CPU.ActiveCfg = Release|Any CPU
		{08D82E2F-A91A-40AB-80FE-33DB5CC29FB6}.Release|Any CPU.Build.0 = Release|Any CPU
		{AAE86AE2-DB11-479C-ADF0-36AA411DA352}.Debug|Any CPU.ActiveCfg = Debug|Any CPU
		{AAE86AE2-DB11-479C-ADF0-36AA411DA352}.Debug|Any CPU.Build.0 = Debug|Any CPU
		{AAE86AE2-DB11-479C-ADF0-36AA411DA352}.Release|Any CPU.ActiveCfg = Release|Any CPU
		{AAE86AE2-DB11-479C-ADF0-36AA411DA352}.Release|Any CPU.Build.0 = Release|Any CPU
	EndGlobalSection
	GlobalSection(SolutionProperties) = preSolution
		HideSolutionNode = FALSE
	EndGlobalSection
EndGlobal
