
Microsoft Visual Studio Solution File, Format Version 12.00
# Visual Studio 2013
VisualStudioVersion = 12.0.21005.1
MinimumVisualStudioVersion = 10.0.40219.1
Project("{FAE04EC0-301F-11D3-BF4B-00C04F79EFBC}") = "CF.DataAccess", "CF.DataAccess\CF.DataAccess.csproj", "{0EE59064-18F8-4C37-B44D-8566ADD9C391}"
EndProject
Project("{FAE04EC0-301F-11D3-BF4B-00C04F79EFBC}") = "CF.Data", "ClassLibrary1\CF.Data.csproj", "{A238AF8D-C15E-48FC-BF71-142ABBE34625}"
EndProject
Project("{FAE04EC0-301F-11D3-BF4B-00C04F79EFBC}") = "CreateDB_CodeFirst_1", "CreateDB_CodeFirst_1\CreateDB_CodeFirst_1.csproj", "{B623DE27-424E-4FD6-A6E2-2409A09F843E}"
EndProject
Global
	GlobalSection(SolutionConfigurationPlatforms) = preSolution
		Debug|Any CPU = Debug|Any CPU
		Release|Any CPU = Release|Any CPU
	EndGlobalSection
	GlobalSection(ProjectConfigurationPlatforms) = postSolution
		{0EE59064-18F8-4C37-B44D-8566ADD9C391}.Debug|Any CPU.ActiveCfg = Debug|Any CPU
		{0EE59064-18F8-4C37-B44D-8566ADD9C391}.Debug|Any CPU.Build.0 = Debug|Any CPU
		{0EE59064-18F8-4C37-B44D-8566ADD9C391}.Release|Any CPU.ActiveCfg = Release|Any CPU
		{0EE59064-18F8-4C37-B44D-8566ADD9C391}.Release|Any CPU.Build.0 = Release|Any CPU
		{A238AF8D-C15E-48FC-BF71-142ABBE34625}.Debug|Any CPU.ActiveCfg = Debug|Any CPU
		{A238AF8D-C15E-48FC-BF71-142ABBE34625}.Debug|Any CPU.Build.0 = Debug|Any CPU
		{A238AF8D-C15E-48FC-BF71-142ABBE34625}.Release|Any CPU.ActiveCfg = Release|Any CPU
		{A238AF8D-C15E-48FC-BF71-142ABBE34625}.Release|Any CPU.Build.0 = Release|Any CPU
		{B623DE27-424E-4FD6-A6E2-2409A09F843E}.Debug|Any CPU.ActiveCfg = Debug|Any CPU
		{B623DE27-424E-4FD6-A6E2-2409A09F843E}.Debug|Any CPU.Build.0 = Debug|Any CPU
		{B623DE27-424E-4FD6-A6E2-2409A09F843E}.Release|Any CPU.ActiveCfg = Release|Any CPU
		{B623DE27-424E-4FD6-A6E2-2409A09F843E}.Release|Any CPU.Build.0 = Release|Any CPU
	EndGlobalSection
	GlobalSection(SolutionProperties) = preSolution
		HideSolutionNode = FALSE
	EndGlobalSection
EndGlobal
