
Microsoft Visual Studio Solution File, Format Version 12.00
# Visual Studio 2013
VisualStudioVersion = 12.0.21005.1
MinimumVisualStudioVersion = 10.0.40219.1
Project("{FAE04EC0-301F-11D3-BF4B-00C04F79EFBC}") = "ClassLibrary", "ClassLibrary\ClassLibrary.csproj", "{6DF8E3AB-6664-44A7-9439-D209661FD1EB}"
EndProject
Project("{FAE04EC0-301F-11D3-BF4B-00C04F79EFBC}") = "ConsoleClassLibrary", "ConsoleClassLibrary\ConsoleClassLibrary.csproj", "{396AB471-FC82-472B-89E0-989BC0339C53}"
EndProject
Project("{FAE04EC0-301F-11D3-BF4B-00C04F79EFBC}") = "ClassCar", "ClassCar\ClassCar.csproj", "{4CDA7C28-4317-4211-8D16-A50C4B49D76D}"
EndProject
Global
	GlobalSection(SolutionConfigurationPlatforms) = preSolution
		Debug|Any CPU = Debug|Any CPU
		Release|Any CPU = Release|Any CPU
	EndGlobalSection
	GlobalSection(ProjectConfigurationPlatforms) = postSolution
		{6DF8E3AB-6664-44A7-9439-D209661FD1EB}.Debug|Any CPU.ActiveCfg = Debug|Any CPU
		{6DF8E3AB-6664-44A7-9439-D209661FD1EB}.Debug|Any CPU.Build.0 = Debug|Any CPU
		{6DF8E3AB-6664-44A7-9439-D209661FD1EB}.Release|Any CPU.ActiveCfg = Release|Any CPU
		{6DF8E3AB-6664-44A7-9439-D209661FD1EB}.Release|Any CPU.Build.0 = Release|Any CPU
		{396AB471-FC82-472B-89E0-989BC0339C53}.Debug|Any CPU.ActiveCfg = Debug|Any CPU
		{396AB471-FC82-472B-89E0-989BC0339C53}.Debug|Any CPU.Build.0 = Debug|Any CPU
		{396AB471-FC82-472B-89E0-989BC0339C53}.Release|Any CPU.ActiveCfg = Release|Any CPU
		{396AB471-FC82-472B-89E0-989BC0339C53}.Release|Any CPU.Build.0 = Release|Any CPU
		{4CDA7C28-4317-4211-8D16-A50C4B49D76D}.Debug|Any CPU.ActiveCfg = Debug|Any CPU
		{4CDA7C28-4317-4211-8D16-A50C4B49D76D}.Debug|Any CPU.Build.0 = Debug|Any CPU
		{4CDA7C28-4317-4211-8D16-A50C4B49D76D}.Release|Any CPU.ActiveCfg = Release|Any CPU
		{4CDA7C28-4317-4211-8D16-A50C4B49D76D}.Release|Any CPU.Build.0 = Release|Any CPU
	EndGlobalSection
	GlobalSection(SolutionProperties) = preSolution
		HideSolutionNode = FALSE
	EndGlobalSection
EndGlobal
